
Microsoft Visual Studio Solution File, Format Version 12.00
# Visual Studio Version 16
VisualStudioVersion = 16.0.32510.428
MinimumVisualStudioVersion = 10.0.40219.1
Project("{FAE04EC0-301F-11D3-BF4B-00C04F79EFBC}") = "EjemploMetodoEstatico", "EjemploMetodoEstatico\EjemploMetodoEstatico.csproj", "{F8EE499B-6781-486B-AD71-AE690FC36177}"
EndProject
Global
	GlobalSection(SolutionConfigurationPlatforms) = preSolution
		Debug|Any CPU = Debug|Any CPU
		Release|Any CPU = Release|Any CPU
	EndGlobalSection
	GlobalSection(ProjectConfigurationPlatforms) = postSolution
		{F8EE499B-6781-486B-AD71-AE690FC36177}.Debug|Any CPU.ActiveCfg = Debug|Any CPU
		{F8EE499B-6781-486B-AD71-AE690FC36177}.Debug|Any CPU.Build.0 = Debug|Any CPU
		{F8EE499B-6781-486B-AD71-AE690FC36177}.Release|Any CPU.ActiveCfg = Release|Any CPU
		{F8EE499B-6781-486B-AD71-AE690FC36177}.Release|Any CPU.Build.0 = Release|Any CPU
	EndGlobalSection
	GlobalSection(SolutionProperties) = preSolution
		HideSolutionNode = FALSE
	EndGlobalSection
	GlobalSection(ExtensibilityGlobals) = postSolution
		SolutionGuid = {0EB8C378-8454-47A3-A0F1-B72DB453FD34}
	EndGlobalSection
EndGlobal
